
Microsoft Visual Studio Solution File, Format Version 12.00
# Visual Studio Version 16
VisualStudioVersion = 16.0.29613.14
MinimumVisualStudioVersion = 10.0.40219.1
Project("{9A19103F-16F7-4668-BE54-9A1E7A4F7556}") = "dbluMailService", "dbluMailService.csproj", "{90BC62B8-5140-4BEF-A231-631A1135450B}"
EndProject
Project("{9A19103F-16F7-4668-BE54-9A1E7A4F7556}") = "dblu.Docs", "..\dblu.Docs\dblu.Docs.csproj", "{711EDE7D-18E8-4286-959B-D365542924CC}"
EndProject
Project("{9A19103F-16F7-4668-BE54-9A1E7A4F7556}") = "dblu.CamundaClient", "..\..\dblubpm\dblu.CamundaClient\dblu.CamundaClient.csproj", "{305FF9DD-9526-497A-BEDD-04A38EA6AB45}"
EndProject
Global
	GlobalSection(SolutionConfigurationPlatforms) = preSolution
		Debug|Any CPU = Debug|Any CPU
		Release|Any CPU = Release|Any CPU
	EndGlobalSection
	GlobalSection(ProjectConfigurationPlatforms) = postSolution
		{90BC62B8-5140-4BEF-A231-631A1135450B}.Debug|Any CPU.ActiveCfg = Debug|Any CPU
		{90BC62B8-5140-4BEF-A231-631A1135450B}.Debug|Any CPU.Build.0 = Debug|Any CPU
		{90BC62B8-5140-4BEF-A231-631A1135450B}.Release|Any CPU.ActiveCfg = Release|Any CPU
		{90BC62B8-5140-4BEF-A231-631A1135450B}.Release|Any CPU.Build.0 = Release|Any CPU
		{711EDE7D-18E8-4286-959B-D365542924CC}.Debug|Any CPU.ActiveCfg = Debug|Any CPU
		{711EDE7D-18E8-4286-959B-D365542924CC}.Debug|Any CPU.Build.0 = Debug|Any CPU
		{711EDE7D-18E8-4286-959B-D365542924CC}.Release|Any CPU.ActiveCfg = Release|Any CPU
		{711EDE7D-18E8-4286-959B-D365542924CC}.Release|Any CPU.Build.0 = Release|Any CPU
		{305FF9DD-9526-497A-BEDD-04A38EA6AB45}.Debug|Any CPU.ActiveCfg = Debug|Any CPU
		{305FF9DD-9526-497A-BEDD-04A38EA6AB45}.Debug|Any CPU.Build.0 = Debug|Any CPU
		{305FF9DD-9526-497A-BEDD-04A38EA6AB45}.Release|Any CPU.ActiveCfg = Release|Any CPU
		{305FF9DD-9526-497A-BEDD-04A38EA6AB45}.Release|Any CPU.Build.0 = Release|Any CPU
	EndGlobalSection
	GlobalSection(SolutionProperties) = preSolution
		HideSolutionNode = FALSE
	EndGlobalSection
	GlobalSection(ExtensibilityGlobals) = postSolution
		SolutionGuid = {C7FFC489-5E12-4710-9499-1B7300215F60}
	EndGlobalSection
EndGlobal
